<?xml version="1.0" encoding="UTF-8"?>
<CodeBlocks_project_file>
	<FileVersion major="1" minor="6"/>
	<Project>
		<Option title="CUDA_test"/>
		<Option makefile_is_custom="1"/>
		<Option compiler="gcc"/>
		<Option virtualFolders="CMake Files\;CMake Files\tests\;CMake Files\tests\Array2D_test\;CMake Files\tests\CUDA_test\;CMake Files\cmake\;CMake Files\cmake\modules\;"/>
		<Build>
			<Target title="all">
				<Option working_dir="/home/aj/hdd1/clion/PRISM/tests/CUDA_test"/>
				<Option type="4"/>
				<MakeCommands>
					<Build command="/usr/bin/make -j12 -f &quot;/home/aj/hdd1/clion/PRISM/tests/CUDA_test/Makefile&quot;  VERBOSE=1 all"/>
					<CompileFile command="/usr/bin/make -j12 -f &quot;/home/aj/hdd1/clion/PRISM/tests/CUDA_test/Makefile&quot;  VERBOSE=1 &quot;$file&quot;"/>
					<Clean command="/usr/bin/make -j12 -f &quot;/home/aj/hdd1/clion/PRISM/tests/CUDA_test/Makefile&quot;  VERBOSE=1 clean"/>
					<DistClean command="/usr/bin/make -j12 -f &quot;/home/aj/hdd1/clion/PRISM/tests/CUDA_test/Makefile&quot;  VERBOSE=1 clean"/>
				</MakeCommands>
			</Target>
			<Target title="CUDA_test1">
				<Option output="/home/aj/hdd1/clion/PRISM/tests/CUDA_test/CUDA_test1" prefix_auto="0" extension_auto="0"/>
				<Option working_dir="/home/aj/hdd1/clion/PRISM/tests/CUDA_test"/>
				<Option object_output="./"/>
				<Option type="1"/>
				<Option compiler="gcc"/>
				<Compiler>
					<Add directory="/usr/local/cuda/include"/>
					<Add directory="/usr/include/c++/5"/>
					<Add directory="/usr/include/x86_64-linux-gnu/c++/5"/>
					<Add directory="/usr/include/c++/5/backward"/>
					<Add directory="/usr/lib/gcc/x86_64-linux-gnu/5/include"/>
					<Add directory="/usr/local/include"/>
					<Add directory="/usr/lib/gcc/x86_64-linux-gnu/5/include-fixed"/>
					<Add directory="/usr/include/x86_64-linux-gnu"/>
					<Add directory="/usr/include"/>
				</Compiler>
				<MakeCommands>
					<Build command="/usr/bin/make -j12 -f &quot;/home/aj/hdd1/clion/PRISM/tests/CUDA_test/Makefile&quot;  VERBOSE=1 CUDA_test1"/>
					<CompileFile command="/usr/bin/make -j12 -f &quot;/home/aj/hdd1/clion/PRISM/tests/CUDA_test/Makefile&quot;  VERBOSE=1 &quot;$file&quot;"/>
					<Clean command="/usr/bin/make -j12 -f &quot;/home/aj/hdd1/clion/PRISM/tests/CUDA_test/Makefile&quot;  VERBOSE=1 clean"/>
					<DistClean command="/usr/bin/make -j12 -f &quot;/home/aj/hdd1/clion/PRISM/tests/CUDA_test/Makefile&quot;  VERBOSE=1 clean"/>
				</MakeCommands>
			</Target>
			<Target title="CUDA_test1/fast">
				<Option output="/home/aj/hdd1/clion/PRISM/tests/CUDA_test/CUDA_test1" prefix_auto="0" extension_auto="0"/>
				<Option working_dir="/home/aj/hdd1/clion/PRISM/tests/CUDA_test"/>
				<Option object_output="./"/>
				<Option type="1"/>
				<Option compiler="gcc"/>
				<Compiler>
					<Add directory="/usr/local/cuda/include"/>
					<Add directory="/usr/include/c++/5"/>
					<Add directory="/usr/include/x86_64-linux-gnu/c++/5"/>
					<Add directory="/usr/include/c++/5/backward"/>
					<Add directory="/usr/lib/gcc/x86_64-linux-gnu/5/include"/>
					<Add directory="/usr/local/include"/>
					<Add directory="/usr/lib/gcc/x86_64-linux-gnu/5/include-fixed"/>
					<Add directory="/usr/include/x86_64-linux-gnu"/>
					<Add directory="/usr/include"/>
				</Compiler>
				<MakeCommands>
					<Build command="/usr/bin/make -j12 -f &quot;/home/aj/hdd1/clion/PRISM/tests/CUDA_test/Makefile&quot;  VERBOSE=1 CUDA_test1/fast"/>
					<CompileFile command="/usr/bin/make -j12 -f &quot;/home/aj/hdd1/clion/PRISM/tests/CUDA_test/Makefile&quot;  VERBOSE=1 &quot;$file&quot;"/>
					<Clean command="/usr/bin/make -j12 -f &quot;/home/aj/hdd1/clion/PRISM/tests/CUDA_test/Makefile&quot;  VERBOSE=1 clean"/>
					<DistClean command="/usr/bin/make -j12 -f &quot;/home/aj/hdd1/clion/PRISM/tests/CUDA_test/Makefile&quot;  VERBOSE=1 clean"/>
				</MakeCommands>
			</Target>
			<Target title="CUDA_test0">
				<Option output="/home/aj/hdd1/clion/PRISM/tests/CUDA_test/CUDA_test0" prefix_auto="0" extension_auto="0"/>
				<Option working_dir="/home/aj/hdd1/clion/PRISM/tests/CUDA_test"/>
				<Option object_output="./"/>
				<Option type="1"/>
				<Option compiler="gcc"/>
				<Compiler>
					<Add directory="/usr/local/cuda/include"/>
					<Add directory="/usr/include/c++/5"/>
					<Add directory="/usr/include/x86_64-linux-gnu/c++/5"/>
					<Add directory="/usr/include/c++/5/backward"/>
					<Add directory="/usr/lib/gcc/x86_64-linux-gnu/5/include"/>
					<Add directory="/usr/local/include"/>
					<Add directory="/usr/lib/gcc/x86_64-linux-gnu/5/include-fixed"/>
					<Add directory="/usr/include/x86_64-linux-gnu"/>
					<Add directory="/usr/include"/>
				</Compiler>
				<MakeCommands>
					<Build command="/usr/bin/make -j12 -f &quot;/home/aj/hdd1/clion/PRISM/tests/CUDA_test/Makefile&quot;  VERBOSE=1 CUDA_test0"/>
					<CompileFile command="/usr/bin/make -j12 -f &quot;/home/aj/hdd1/clion/PRISM/tests/CUDA_test/Makefile&quot;  VERBOSE=1 &quot;$file&quot;"/>
					<Clean command="/usr/bin/make -j12 -f &quot;/home/aj/hdd1/clion/PRISM/tests/CUDA_test/Makefile&quot;  VERBOSE=1 clean"/>
					<DistClean command="/usr/bin/make -j12 -f &quot;/home/aj/hdd1/clion/PRISM/tests/CUDA_test/Makefile&quot;  VERBOSE=1 clean"/>
				</MakeCommands>
			</Target>
			<Target title="CUDA_test0/fast">
				<Option output="/home/aj/hdd1/clion/PRISM/tests/CUDA_test/CUDA_test0" prefix_auto="0" extension_auto="0"/>
				<Option working_dir="/home/aj/hdd1/clion/PRISM/tests/CUDA_test"/>
				<Option object_output="./"/>
				<Option type="1"/>
				<Option compiler="gcc"/>
				<Compiler>
					<Add directory="/usr/local/cuda/include"/>
					<Add directory="/usr/include/c++/5"/>
					<Add directory="/usr/include/x86_64-linux-gnu/c++/5"/>
					<Add directory="/usr/include/c++/5/backward"/>
					<Add directory="/usr/lib/gcc/x86_64-linux-gnu/5/include"/>
					<Add directory="/usr/local/include"/>
					<Add directory="/usr/lib/gcc/x86_64-linux-gnu/5/include-fixed"/>
					<Add directory="/usr/include/x86_64-linux-gnu"/>
					<Add directory="/usr/include"/>
				</Compiler>
				<MakeCommands>
					<Build command="/usr/bin/make -j12 -f &quot;/home/aj/hdd1/clion/PRISM/tests/CUDA_test/Makefile&quot;  VERBOSE=1 CUDA_test0/fast"/>
					<CompileFile command="/usr/bin/make -j12 -f &quot;/home/aj/hdd1/clion/PRISM/tests/CUDA_test/Makefile&quot;  VERBOSE=1 &quot;$file&quot;"/>
					<Clean command="/usr/bin/make -j12 -f &quot;/home/aj/hdd1/clion/PRISM/tests/CUDA_test/Makefile&quot;  VERBOSE=1 clean"/>
					<DistClean command="/usr/bin/make -j12 -f &quot;/home/aj/hdd1/clion/PRISM/tests/CUDA_test/Makefile&quot;  VERBOSE=1 clean"/>
				</MakeCommands>
			</Target>
		</Build>
		<Unit filename="/home/aj/hdd1/clion/PRISM/tests/CUDA_test/CMakeFiles/CUDA_test0.dir/CUDA_test0_generated_CUDA_test0.cu.o">
			<Option target="CUDA_test0"/>
		</Unit>
		<Unit filename="/home/aj/hdd1/clion/PRISM/tests/CUDA_test/CMakeFiles/CUDA_test1.dir/CUDA_test1_generated_CUDA_test1.cu.o">
			<Option target="CUDA_test1"/>
		</Unit>
		<Unit filename="/home/aj/hdd1/clion/PRISM/tests/CUDA_test/CUDA_test0.cu">
			<Option target="CUDA_test0"/>
		</Unit>
		<Unit filename="/home/aj/hdd1/clion/PRISM/tests/CUDA_test/CUDA_test1.cu">
			<Option target="CUDA_test1"/>
		</Unit>
		<Unit filename="/home/aj/hdd1/clion/PRISM/CMakeLists.txt">
			<Option virtualFolder="CMake Files\"/>
		</Unit>
		<Unit filename="/home/aj/hdd1/clion/PRISM/tests/CMakeLists.txt">
			<Option virtualFolder="CMake Files\tests\"/>
		</Unit>
		<Unit filename="/home/aj/hdd1/clion/PRISM/tests/Array2D_test/CMakeLists.txt">
			<Option virtualFolder="CMake Files\tests\Array2D_test\"/>
		</Unit>
		<Unit filename="/home/aj/hdd1/clion/PRISM/tests/Array2D_test/CMakeLists.txt">
			<Option virtualFolder="CMake Files\tests\Array2D_test\"/>
		</Unit>
		<Unit filename="/home/aj/hdd1/clion/PRISM/tests/CUDA_test/CMakeLists.txt">
			<Option virtualFolder="CMake Files\tests\CUDA_test\"/>
		</Unit>
		<Unit filename="/home/aj/hdd1/clion/PRISM/tests/CUDA_test/CMakeLists.txt">
			<Option virtualFolder="CMake Files\tests\CUDA_test\"/>
		</Unit>
		<Unit filename="/home/aj/hdd1/clion/PRISM/cmake/modules/FindFFTW.cmake">
			<Option virtualFolder="CMake Files\cmake\modules\"/>
		</Unit>
	</Project>
</CodeBlocks_project_file>
